
Microsoft Visual Studio Solution File, Format Version 12.00
# Visual Studio 15
Project("{FAE04EC0-301F-11D3-BF4B-00C04F79EFBC}") = "SimpleWebTransport", "SimpleWebTransport.csproj", "{855CB553-D78F-66EC-3252-8C92AB5A08F6}"
EndProject
Project("{FAE04EC0-301F-11D3-BF4B-00C04F79EFBC}") = "Mirror.Examples", "Mirror.Examples.csproj", "{D0620532-B042-6D72-AB06-E1FD54F24ADB}"
EndProject
Project("{FAE04EC0-301F-11D3-BF4B-00C04F79EFBC}") = "Mirror", "Mirror.csproj", "{8022ADB2-0F82-A7D2-89F2-BCA46CCE61C4}"
EndProject
Project("{FAE04EC0-301F-11D3-BF4B-00C04F79EFBC}") = "Mirror.Components", "Mirror.Components.csproj", "{48E970AD-68A6-4ABC-7045-C5870D81A537}"
EndProject
Project("{FAE04EC0-301F-11D3-BF4B-00C04F79EFBC}") = "Telepathy", "Telepathy.csproj", "{F6C8DB2D-B775-F4D4-58DA-A93C651DA8C1}"
EndProject
Project("{FAE04EC0-301F-11D3-BF4B-00C04F79EFBC}") = "Assembly-CSharp", "Assembly-CSharp.csproj", "{752EDC1D-1668-1A3D-F579-329E2EF0624E}"
EndProject
Project("{FAE04EC0-301F-11D3-BF4B-00C04F79EFBC}") = "kcp2k", "kcp2k.csproj", "{C7797588-7899-4E92-D9B2-D37ACDA1332B}"
EndProject
Project("{FAE04EC0-301F-11D3-BF4B-00C04F79EFBC}") = "where-allocations", "where-allocations.csproj", "{4584821D-A644-5C11-DE77-C1AFAC1F8F61}"
EndProject
Project("{FAE04EC0-301F-11D3-BF4B-00C04F79EFBC}") = "Mirror.Authenticators", "Mirror.Authenticators.csproj", "{559BA65D-80E9-7850-E1AD-F7D3C7F7A6A2}"
EndProject
Project("{FAE04EC0-301F-11D3-BF4B-00C04F79EFBC}") = "Assembly-CSharp-firstpass", "Assembly-CSharp-firstpass.csproj", "{C92D0094-AE67-E3D0-25C7-1BDD61340AE4}"
EndProject
Project("{FAE04EC0-301F-11D3-BF4B-00C04F79EFBC}") = "Unity.Mirror.CodeGen", "Unity.Mirror.CodeGen.csproj", "{BA4CAC87-DC2D-1E15-8FB4-6B8EE93E6AE5}"
EndProject
Project("{FAE04EC0-301F-11D3-BF4B-00C04F79EFBC}") = "Mirror.Editor", "Mirror.Editor.csproj", "{2F5D3D85-FD5B-31ED-7282-996D45296F1A}"
EndProject
Project("{FAE04EC0-301F-11D3-BF4B-00C04F79EFBC}") = "Mirror.CompilerSymbols", "Mirror.CompilerSymbols.csproj", "{24B20AB1-41ED-36D6-A1D8-9DD58C8A2E46}"
EndProject
Global
	GlobalSection(SolutionConfigurationPlatforms) = preSolution
		Debug|Any CPU = Debug|Any CPU
		Release|Any CPU = Release|Any CPU
	EndGlobalSection
	GlobalSection(ProjectConfigurationPlatforms) = postSolution
		{855CB553-D78F-66EC-3252-8C92AB5A08F6}.Debug|Any CPU.ActiveCfg = Debug|Any CPU
		{855CB553-D78F-66EC-3252-8C92AB5A08F6}.Debug|Any CPU.Build.0 = Debug|Any CPU
		{855CB553-D78F-66EC-3252-8C92AB5A08F6}.Release|Any CPU.ActiveCfg = Release|Any CPU
		{855CB553-D78F-66EC-3252-8C92AB5A08F6}.Release|Any CPU.Build.0 = Release|Any CPU
		{D0620532-B042-6D72-AB06-E1FD54F24ADB}.Debug|Any CPU.ActiveCfg = Debug|Any CPU
		{D0620532-B042-6D72-AB06-E1FD54F24ADB}.Debug|Any CPU.Build.0 = Debug|Any CPU
		{D0620532-B042-6D72-AB06-E1FD54F24ADB}.Release|Any CPU.ActiveCfg = Release|Any CPU
		{D0620532-B042-6D72-AB06-E1FD54F24ADB}.Release|Any CPU.Build.0 = Release|Any CPU
		{8022ADB2-0F82-A7D2-89F2-BCA46CCE61C4}.Debug|Any CPU.ActiveCfg = Debug|Any CPU
		{8022ADB2-0F82-A7D2-89F2-BCA46CCE61C4}.Debug|Any CPU.Build.0 = Debug|Any CPU
		{8022ADB2-0F82-A7D2-89F2-BCA46CCE61C4}.Release|Any CPU.ActiveCfg = Release|Any CPU
		{8022ADB2-0F82-A7D2-89F2-BCA46CCE61C4}.Release|Any CPU.Build.0 = Release|Any CPU
		{48E970AD-68A6-4ABC-7045-C5870D81A537}.Debug|Any CPU.ActiveCfg = Debug|Any CPU
		{48E970AD-68A6-4ABC-7045-C5870D81A537}.Debug|Any CPU.Build.0 = Debug|Any CPU
		{48E970AD-68A6-4ABC-7045-C5870D81A537}.Release|Any CPU.ActiveCfg = Release|Any CPU
		{48E970AD-68A6-4ABC-7045-C5870D81A537}.Release|Any CPU.Build.0 = Release|Any CPU
		{F6C8DB2D-B775-F4D4-58DA-A93C651DA8C1}.Debug|Any CPU.ActiveCfg = Debug|Any CPU
		{F6C8DB2D-B775-F4D4-58DA-A93C651DA8C1}.Debug|Any CPU.Build.0 = Debug|Any CPU
		{F6C8DB2D-B775-F4D4-58DA-A93C651DA8C1}.Release|Any CPU.ActiveCfg = Release|Any CPU
		{F6C8DB2D-B775-F4D4-58DA-A93C651DA8C1}.Release|Any CPU.Build.0 = Release|Any CPU
		{752EDC1D-1668-1A3D-F579-329E2EF0624E}.Debug|Any CPU.ActiveCfg = Debug|Any CPU
		{752EDC1D-1668-1A3D-F579-329E2EF0624E}.Debug|Any CPU.Build.0 = Debug|Any CPU
		{752EDC1D-1668-1A3D-F579-329E2EF0624E}.Release|Any CPU.ActiveCfg = Release|Any CPU
		{752EDC1D-1668-1A3D-F579-329E2EF0624E}.Release|Any CPU.Build.0 = Release|Any CPU
		{C7797588-7899-4E92-D9B2-D37ACDA1332B}.Debug|Any CPU.ActiveCfg = Debug|Any CPU
		{C7797588-7899-4E92-D9B2-D37ACDA1332B}.Debug|Any CPU.Build.0 = Debug|Any CPU
		{C7797588-7899-4E92-D9B2-D37ACDA1332B}.Release|Any CPU.ActiveCfg = Release|Any CPU
		{C7797588-7899-4E92-D9B2-D37ACDA1332B}.Release|Any CPU.Build.0 = Release|Any CPU
		{4584821D-A644-5C11-DE77-C1AFAC1F8F61}.Debug|Any CPU.ActiveCfg = Debug|Any CPU
		{4584821D-A644-5C11-DE77-C1AFAC1F8F61}.Debug|Any CPU.Build.0 = Debug|Any CPU
		{4584821D-A644-5C11-DE77-C1AFAC1F8F61}.Release|Any CPU.ActiveCfg = Release|Any CPU
		{4584821D-A644-5C11-DE77-C1AFAC1F8F61}.Release|Any CPU.Build.0 = Release|Any CPU
		{559BA65D-80E9-7850-E1AD-F7D3C7F7A6A2}.Debug|Any CPU.ActiveCfg = Debug|Any CPU
		{559BA65D-80E9-7850-E1AD-F7D3C7F7A6A2}.Debug|Any CPU.Build.0 = Debug|Any CPU
		{559BA65D-80E9-7850-E1AD-F7D3C7F7A6A2}.Release|Any CPU.ActiveCfg = Release|Any CPU
		{559BA65D-80E9-7850-E1AD-F7D3C7F7A6A2}.Release|Any CPU.Build.0 = Release|Any CPU
		{C92D0094-AE67-E3D0-25C7-1BDD61340AE4}.Debug|Any CPU.ActiveCfg = Debug|Any CPU
		{C92D0094-AE67-E3D0-25C7-1BDD61340AE4}.Debug|Any CPU.Build.0 = Debug|Any CPU
		{C92D0094-AE67-E3D0-25C7-1BDD61340AE4}.Release|Any CPU.ActiveCfg = Release|Any CPU
		{C92D0094-AE67-E3D0-25C7-1BDD61340AE4}.Release|Any CPU.Build.0 = Release|Any CPU
		{BA4CAC87-DC2D-1E15-8FB4-6B8EE93E6AE5}.Debug|Any CPU.ActiveCfg = Debug|Any CPU
		{BA4CAC87-DC2D-1E15-8FB4-6B8EE93E6AE5}.Debug|Any CPU.Build.0 = Debug|Any CPU
		{BA4CAC87-DC2D-1E15-8FB4-6B8EE93E6AE5}.Release|Any CPU.ActiveCfg = Release|Any CPU
		{BA4CAC87-DC2D-1E15-8FB4-6B8EE93E6AE5}.Release|Any CPU.Build.0 = Release|Any CPU
		{2F5D3D85-FD5B-31ED-7282-996D45296F1A}.Debug|Any CPU.ActiveCfg = Debug|Any CPU
		{2F5D3D85-FD5B-31ED-7282-996D45296F1A}.Debug|Any CPU.Build.0 = Debug|Any CPU
		{2F5D3D85-FD5B-31ED-7282-996D45296F1A}.Release|Any CPU.ActiveCfg = Release|Any CPU
		{2F5D3D85-FD5B-31ED-7282-996D45296F1A}.Release|Any CPU.Build.0 = Release|Any CPU
		{24B20AB1-41ED-36D6-A1D8-9DD58C8A2E46}.Debug|Any CPU.ActiveCfg = Debug|Any CPU
		{24B20AB1-41ED-36D6-A1D8-9DD58C8A2E46}.Debug|Any CPU.Build.0 = Debug|Any CPU
		{24B20AB1-41ED-36D6-A1D8-9DD58C8A2E46}.Release|Any CPU.ActiveCfg = Release|Any CPU
		{24B20AB1-41ED-36D6-A1D8-9DD58C8A2E46}.Release|Any CPU.Build.0 = Release|Any CPU
	EndGlobalSection
	GlobalSection(SolutionProperties) = preSolution
		HideSolutionNode = FALSE
	EndGlobalSection
EndGlobal
